
Microsoft Visual Studio Solution File, Format Version 12.00
# Visual Studio Version 17
VisualStudioVersion = 17.4.33110.190
MinimumVisualStudioVersion = 10.0.40219.1
Project("{9A19103F-16F7-4668-BE54-9A1E7A4F7556}") = "ToDo", "ToDo\ToDo.csproj", "{E6B47AFF-97A4-409D-964F-B46436DDDE89}"
EndProject
Project("{FAE04EC0-301F-11D3-BF4B-00C04F79EFBC}") = "XUnitTestToDo", "XUnitTestToDo\XUnitTestToDo.csproj", "{B89C99F2-A58B-46D2-9995-98A15BB62838}"
EndProject
Global
	GlobalSection(SolutionConfigurationPlatforms) = preSolution
		Debug|Any CPU = Debug|Any CPU
		Release|Any CPU = Release|Any CPU
	EndGlobalSection
	GlobalSection(ProjectConfigurationPlatforms) = postSolution
		{E6B47AFF-97A4-409D-964F-B46436DDDE89}.Debug|Any CPU.ActiveCfg = Debug|Any CPU
		{E6B47AFF-97A4-409D-964F-B46436DDDE89}.Debug|Any CPU.Build.0 = Debug|Any CPU
		{E6B47AFF-97A4-409D-964F-B46436DDDE89}.Release|Any CPU.ActiveCfg = Release|Any CPU
		{E6B47AFF-97A4-409D-964F-B46436DDDE89}.Release|Any CPU.Build.0 = Release|Any CPU
		{B89C99F2-A58B-46D2-9995-98A15BB62838}.Debug|Any CPU.ActiveCfg = Debug|Any CPU
		{B89C99F2-A58B-46D2-9995-98A15BB62838}.Debug|Any CPU.Build.0 = Debug|Any CPU
		{B89C99F2-A58B-46D2-9995-98A15BB62838}.Release|Any CPU.ActiveCfg = Release|Any CPU
		{B89C99F2-A58B-46D2-9995-98A15BB62838}.Release|Any CPU.Build.0 = Release|Any CPU
	EndGlobalSection
	GlobalSection(SolutionProperties) = preSolution
		HideSolutionNode = FALSE
	EndGlobalSection
	GlobalSection(ExtensibilityGlobals) = postSolution
		SolutionGuid = {6A1401F1-7EC2-422A-9AC0-130A24B95446}
	EndGlobalSection
EndGlobal
